// !$*UTF8*$!
{
	archiveVersion = 1;
	classes = {
	};
	objectVersion = 46;
	objects = {

/* Begin PBXBuildFile section */
		56D661CD1EC0A02800876306 /* main.m in Sources */ = {isa = PBXBuildFile; fileRef = 56D661CC1EC0A02800876306 /* main.m */; };
		56D661DD1EC0A28100876306 /* NSString+IDPRandomString.m in Sources */ = {isa = PBXBuildFile; fileRef = 56D661DC1EC0A28100876306 /* NSString+IDPRandomString.m */; };
		56D661DF1EC0A2A700876306 /* IDPRandomStringTests.m in Sources */ = {isa = PBXBuildFile; fileRef = 56D661DE1EC0A2A700876306 /* IDPRandomStringTests.m */; };
		56D661E31EC0A63900876306 /* IDPRandom.m in Sources */ = {isa = PBXBuildFile; fileRef = 56D661E21EC0A63900876306 /* IDPRandom.m */; };
		56D661E71EC0A73300876306 /* IDPConstants.m in Sources */ = {isa = PBXBuildFile; fileRef = 56D661E61EC0A73300876306 /* IDPConstants.m */; };
/* End PBXBuildFile section */

/* Begin PBXCopyFilesBuildPhase section */
		56D661C71EC0A02700876306 /* CopyFiles */ = {
			isa = PBXCopyFilesBuildPhase;
			buildActionMask = 2147483647;
			dstPath = /usr/share/man/man1/;
			dstSubfolderSpec = 0;
			files = (
			);
			runOnlyForDeploymentPostprocessing = 1;
		};
/* End PBXCopyFilesBuildPhase section */

/* Begin PBXFileReference section */
		5627EF911EC45172004B62A9 /* IDPMacros.h */ = {isa = PBXFileReference; lastKnownFileType = sourcecode.c.h; path = IDPMacros.h; sourceTree = "<group>"; };
		56D661C91EC0A02800876306 /* Task04_ObjC */ = {isa = PBXFileReference; explicitFileType = "compiled.mach-o.executable"; includeInIndex = 0; path = Task04_ObjC; sourceTree = BUILT_PRODUCTS_DIR; };
		56D661CC1EC0A02800876306 /* main.m */ = {isa = PBXFileReference; lastKnownFileType = sourcecode.c.objc; path = main.m; sourceTree = "<group>"; };
		56D661DB1EC0A28100876306 /* NSString+IDPRandomString.h */ = {isa = PBXFileReference; fileEncoding = 4; lastKnownFileType = sourcecode.c.h; path = "NSString+IDPRandomString.h"; sourceTree = "<group>"; };
		56D661DC1EC0A28100876306 /* NSString+IDPRandomString.m */ = {isa = PBXFileReference; fileEncoding = 4; lastKnownFileType = sourcecode.c.objc; path = "NSString+IDPRandomString.m"; sourceTree = "<group>"; };
		56D661DE1EC0A2A700876306 /* IDPRandomStringTests.m */ = {isa = PBXFileReference; fileEncoding = 4; lastKnownFileType = sourcecode.c.objc; path = IDPRandomStringTests.m; sourceTree = "<group>"; };
		56D661E01EC0A2B700876306 /* IDPRandomStringTests.h */ = {isa = PBXFileReference; lastKnownFileType = sourcecode.c.h; path = IDPRandomStringTests.h; sourceTree = "<group>"; };
		56D661E11EC0A63900876306 /* IDPRandom.h */ = {isa = PBXFileReference; fileEncoding = 4; lastKnownFileType = sourcecode.c.h; path = IDPRandom.h; sourceTree = "<group>"; };
		56D661E21EC0A63900876306 /* IDPRandom.m */ = {isa = PBXFileReference; fileEncoding = 4; lastKnownFileType = sourcecode.c.objc; path = IDPRandom.m; sourceTree = "<group>"; };
		56D661E51EC0A73300876306 /* IDPConstants.h */ = {isa = PBXFileReference; fileEncoding = 4; lastKnownFileType = sourcecode.c.h; path = IDPConstants.h; sourceTree = "<group>"; };
		56D661E61EC0A73300876306 /* IDPConstants.m */ = {isa = PBXFileReference; fileEncoding = 4; lastKnownFileType = sourcecode.c.objc; path = IDPConstants.m; sourceTree = "<group>"; };
/* End PBXFileReference section */

/* Begin PBXFrameworksBuildPhase section */
		56D661C61EC0A02700876306 /* Frameworks */ = {
			isa = PBXFrameworksBuildPhase;
			buildActionMask = 2147483647;
			files = (
			);
			runOnlyForDeploymentPostprocessing = 0;
		};
/* End PBXFrameworksBuildPhase section */

/* Begin PBXGroup section */
		56D661C01EC0A02700876306 = {
			isa = PBXGroup;
			children = (
				56D661CB1EC0A02800876306 /* Task04_ObjC */,
				56D661CA1EC0A02800876306 /* Products */,
			);
			sourceTree = "<group>";
		};
		56D661CA1EC0A02800876306 /* Products */ = {
			isa = PBXGroup;
			children = (
				56D661C91EC0A02800876306 /* Task04_ObjC */,
			);
			name = Products;
			sourceTree = "<group>";
		};
		56D661CB1EC0A02800876306 /* Task04_ObjC */ = {
			isa = PBXGroup;
			children = (
				56D661D51EC0A21700876306 /* Sources */,
				56D661CC1EC0A02800876306 /* main.m */,
			);
			path = Task04_ObjC;
			sourceTree = "<group>";
		};
		56D661D51EC0A21700876306 /* Sources */ = {
			isa = PBXGroup;
			children = (
				56D661E41EC0A64400876306 /* AuxiliaryLib */,
				56D661DA1EC0A26000876306 /* Tests */,
				56D661D61EC0A22600876306 /* Extensions */,
			);
			name = Sources;
			sourceTree = "<group>";
		};
		56D661D61EC0A22600876306 /* Extensions */ = {
			isa = PBXGroup;
			children = (
				56D661DB1EC0A28100876306 /* NSString+IDPRandomString.h */,
				56D661DC1EC0A28100876306 /* NSString+IDPRandomString.m */,
			);
			name = Extensions;
			sourceTree = "<group>";
		};
		56D661DA1EC0A26000876306 /* Tests */ = {
			isa = PBXGroup;
			children = (
				56D661E01EC0A2B700876306 /* IDPRandomStringTests.h */,
				56D661DE1EC0A2A700876306 /* IDPRandomStringTests.m */,
			);
			name = Tests;
			sourceTree = "<group>";
		};
		56D661E41EC0A64400876306 /* AuxiliaryLib */ = {
			isa = PBXGroup;
			children = (
				56D661E11EC0A63900876306 /* IDPRandom.h */,
				56D661E21EC0A63900876306 /* IDPRandom.m */,
				56D661E51EC0A73300876306 /* IDPConstants.h */,
				56D661E61EC0A73300876306 /* IDPConstants.m */,
				5627EF911EC45172004B62A9 /* IDPMacros.h */,
			);
			name = AuxiliaryLib;
			sourceTree = "<group>";
		};
/* End PBXGroup section */

/* Begin PBXNativeTarget section */
		56D661C81EC0A02700876306 /* Task04_ObjC */ = {
			isa = PBXNativeTarget;
			buildConfigurationList = 56D661D01EC0A02800876306 /* Build configuration list for PBXNativeTarget "Task04_ObjC" */;
			buildPhases = (
				56D661C51EC0A02700876306 /* Sources */,
				56D661C61EC0A02700876306 /* Frameworks */,
				56D661C71EC0A02700876306 /* CopyFiles */,
			);
			buildRules = (
			);
			dependencies = (
			);
			name = Task04_ObjC;
			productName = Task04_ObjC;
			productReference = 56D661C91EC0A02800876306 /* Task04_ObjC */;
			productType = "com.apple.product-type.tool";
		};
/* End PBXNativeTarget section */

/* Begin PBXProject section */
		56D661C11EC0A02700876306 /* Project object */ = {
			isa = PBXProject;
			attributes = {
				LastUpgradeCheck = 0820;
				ORGANIZATIONNAME = Student003;
				TargetAttributes = {
					56D661C81EC0A02700876306 = {
						CreatedOnToolsVersion = 8.2.1;
						ProvisioningStyle = Automatic;
					};
				};
			};
			buildConfigurationList = 56D661C41EC0A02700876306 /* Build configuration list for PBXProject "Task04_ObjC" */;
			compatibilityVersion = "Xcode 3.2";
			developmentRegion = English;
			hasScannedForEncodings = 0;
			knownRegions = (
				en,
			);
			mainGroup = 56D661C01EC0A02700876306;
			productRefGroup = 56D661CA1EC0A02800876306 /* Products */;
			projectDirPath = "";
			projectRoot = "";
			targets = (
				56D661C81EC0A02700876306 /* Task04_ObjC */,
			);
		};
/* End PBXProject section */

/* Begin PBXSourcesBuildPhase section */
		56D661C51EC0A02700876306 /* Sources */ = {
			isa = PBXSourcesBuildPhase;
			buildActionMask = 2147483647;
			files = (
				56D661E31EC0A63900876306 /* IDPRandom.m in Sources */,
				56D661CD1EC0A02800876306 /* main.m in Sources */,
				56D661E71EC0A73300876306 /* IDPConstants.m in Sources */,
				56D661DD1EC0A28100876306 /* NSString+IDPRandomString.m in Sources */,
				56D661DF1EC0A2A700876306 /* IDPRandomStringTests.m in Sources */,
			);
			runOnlyForDeploymentPostprocessing = 0;
		};
/* End PBXSourcesBuildPhase section */

/* Begin XCBuildConfiguration section */
		56D661CE1EC0A02800876306 /* Debug */ = {
			isa = XCBuildConfiguration;
			buildSettings = {
				ALWAYS_SEARCH_USER_PATHS = NO;
				CLANG_ANALYZER_NONNULL = YES;
				CLANG_CXX_LANGUAGE_STANDARD = "gnu++0x";
				CLANG_CXX_LIBRARY = "libc++";
				CLANG_ENABLE_MODULES = YES;
				CLANG_ENABLE_OBJC_ARC = NO;
				CLANG_WARN_BOOL_CONVERSION = YES;
				CLANG_WARN_CONSTANT_CONVERSION = YES;
				CLANG_WARN_DIRECT_OBJC_ISA_USAGE = YES_ERROR;
				CLANG_WARN_DOCUMENTATION_COMMENTS = YES;
				CLANG_WARN_EMPTY_BODY = YES;
				CLANG_WARN_ENUM_CONVERSION = YES;
				CLANG_WARN_INFINITE_RECURSION = YES;
				CLANG_WARN_INT_CONVERSION = YES;
				CLANG_WARN_OBJC_ROOT_CLASS = YES_ERROR;
				CLANG_WARN_SUSPICIOUS_MOVE = YES;
				CLANG_WARN_UNREACHABLE_CODE = YES;
				CLANG_WARN__DUPLICATE_METHOD_MATCH = YES;
				CODE_SIGN_IDENTITY = "-";
				COPY_PHASE_STRIP = NO;
				DEBUG_INFORMATION_FORMAT = dwarf;
				ENABLE_STRICT_OBJC_MSGSEND = YES;
				ENABLE_TESTABILITY = YES;
				GCC_C_LANGUAGE_STANDARD = gnu99;
				GCC_DYNAMIC_NO_PIC = NO;
				GCC_NO_COMMON_BLOCKS = YES;
				GCC_OPTIMIZATION_LEVEL = 0;
				GCC_PREPROCESSOR_DEFINITIONS = (
					"DEBUG=1",
					"$(inherited)",
				);
				GCC_WARN_64_TO_32_BIT_CONVERSION = YES;
				GCC_WARN_ABOUT_RETURN_TYPE = YES_ERROR;
				GCC_WARN_UNDECLARED_SELECTOR = YES;
				GCC_WARN_UNINITIALIZED_AUTOS = YES_AGGRESSIVE;
				GCC_WARN_UNUSED_FUNCTION = YES;
				GCC_WARN_UNUSED_VARIABLE = YES;
				MACOSX_DEPLOYMENT_TARGET = 10.12;
				MTL_ENABLE_DEBUG_INFO = YES;
				ONLY_ACTIVE_ARCH = YES;
				SDKROOT = macosx;
			};
			name = Debug;
		};
		56D661CF1EC0A02800876306 /* Release */ = {
			isa = XCBuildConfiguration;
			buildSettings = {
				ALWAYS_SEARCH_USER_PATHS = NO;
				CLANG_ANALYZER_NONNULL = YES;
				CLANG_CXX_LANGUAGE_STANDARD = "gnu++0x";
				CLANG_CXX_LIBRARY = "libc++";
				CLANG_ENABLE_MODULES = YES;
				CLANG_ENABLE_OBJC_ARC = NO;
				CLANG_WARN_BOOL_CONVERSION = YES;
				CLANG_WARN_CONSTANT_CONVERSION = YES;
				CLANG_WARN_DIRECT_OBJC_ISA_USAGE = YES_ERROR;
				CLANG_WARN_DOCUMENTATION_COMMENTS = YES;
				CLANG_WARN_EMPTY_BODY = YES;
				CLANG_WARN_ENUM_CONVERSION = YES;
				CLANG_WARN_INFINITE_RECURSION = YES;
				CLANG_WARN_INT_CONVERSION = YES;
				CLANG_WARN_OBJC_ROOT_CLASS = YES_ERROR;
				CLANG_WARN_SUSPICIOUS_MOVE = YES;
				CLANG_WARN_UNREACHABLE_CODE = YES;
				CLANG_WARN__DUPLICATE_METHOD_MATCH = YES;
				CODE_SIGN_IDENTITY = "-";
				COPY_PHASE_STRIP = NO;
				DEBUG_INFORMATION_FORMAT = "dwarf-with-dsym";
				ENABLE_NS_ASSERTIONS = NO;
				ENABLE_STRICT_OBJC_MSGSEND = YES;
				GCC_C_LANGUAGE_STANDARD = gnu99;
				GCC_NO_COMMON_BLOCKS = YES;
				GCC_WARN_64_TO_32_BIT_CONVERSION = YES;
				GCC_WARN_ABOUT_RETURN_TYPE = YES_ERROR;
				GCC_WARN_UNDECLARED_SELECTOR = YES;
				GCC_WARN_UNINITIALIZED_AUTOS = YES_AGGRESSIVE;
				GCC_WARN_UNUSED_FUNCTION = YES;
				GCC_WARN_UNUSED_VARIABLE = YES;
				MACOSX_DEPLOYMENT_TARGET = 10.12;
				MTL_ENABLE_DEBUG_INFO = NO;
				SDKROOT = macosx;
			};
			name = Release;
		};
		56D661D11EC0A02800876306 /* Debug */ = {
			isa = XCBuildConfiguration;
			buildSettings = {
				PRODUCT_NAME = "$(TARGET_NAME)";
			};
			name = Debug;
		};
		56D661D21EC0A02800876306 /* Release */ = {
			isa = XCBuildConfiguration;
			buildSettings = {
				PRODUCT_NAME = "$(TARGET_NAME)";
			};
			name = Release;
		};
/* End XCBuildConfiguration section */

/* Begin XCConfigurationList section */
		56D661C41EC0A02700876306 /* Build configuration list for PBXProject "Task04_ObjC" */ = {
			isa = XCConfigurationList;
			buildConfigurations = (
				56D661CE1EC0A02800876306 /* Debug */,
				56D661CF1EC0A02800876306 /* Release */,
			);
			defaultConfigurationIsVisible = 0;
			defaultConfigurationName = Release;
		};
		56D661D01EC0A02800876306 /* Build configuration list for PBXNativeTarget "Task04_ObjC" */ = {
			isa = XCConfigurationList;
			buildConfigurations = (
				56D661D11EC0A02800876306 /* Debug */,
				56D661D21EC0A02800876306 /* Release */,
			);
			defaultConfigurationIsVisible = 0;
			defaultConfigurationName = Release;
		};
/* End XCConfigurationList section */
	};
	rootObject = 56D661C11EC0A02700876306 /* Project object */;
}
